
Microsoft Visual Studio Solution File, Format Version 12.00
# Visual Studio Version 17
VisualStudioVersion = 17.10.34928.147
MinimumVisualStudioVersion = 10.0.40219.1
Project("{FAE04EC0-301F-11D3-BF4B-00C04F79EFBC}") = "BMICalculator", "BMICalculator.csproj", "{703A8A65-0C4D-4511-B448-74969E4849C1}"
EndProject
Global
	GlobalSection(SolutionConfigurationPlatforms) = preSolution
		Debug|Any CPU = Debug|Any CPU
		Release|Any CPU = Release|Any CPU
	EndGlobalSection
	GlobalSection(ProjectConfigurationPlatforms) = postSolution
		{703A8A65-0C4D-4511-B448-74969E4849C1}.Debug|Any CPU.ActiveCfg = Debug|Any CPU
		{703A8A65-0C4D-4511-B448-74969E4849C1}.Debug|Any CPU.Build.0 = Debug|Any CPU
		{703A8A65-0C4D-4511-B448-74969E4849C1}.Release|Any CPU.ActiveCfg = Release|Any CPU
		{703A8A65-0C4D-4511-B448-74969E4849C1}.Release|Any CPU.Build.0 = Release|Any CPU
	EndGlobalSection
	GlobalSection(SolutionProperties) = preSolution
		HideSolutionNode = FALSE
	EndGlobalSection
	GlobalSection(ExtensibilityGlobals) = postSolution
		SolutionGuid = {4C58825F-3ADB-4625-8ADD-DFD958CE275F}
	EndGlobalSection
EndGlobal
